
Microsoft Visual Studio Solution File, Format Version 12.00
# Visual Studio Version 16
VisualStudioVersion = 16.0.32126.315
MinimumVisualStudioVersion = 10.0.40219.1
Project("{FAE04EC0-301F-11D3-BF4B-00C04F79EFBC}") = "FastAndFaster", "FastAndFaster\FastAndFaster.csproj", "{B03869B5-F6C3-4D58-8307-DB0F4A50EA69}"
EndProject
Project("{FAE04EC0-301F-11D3-BF4B-00C04F79EFBC}") = "FastAndFaster.Tests", "FastAndFaster.Tests\FastAndFaster.Tests.csproj", "{BE3415E4-C55A-4924-8BDB-EC9F5D0FFFF1}"
EndProject
Global
	GlobalSection(SolutionConfigurationPlatforms) = preSolution
		Debug|Any CPU = Debug|Any CPU
		Release|Any CPU = Release|Any CPU
	EndGlobalSection
	GlobalSection(ProjectConfigurationPlatforms) = postSolution
		{B03869B5-F6C3-4D58-8307-DB0F4A50EA69}.Debug|Any CPU.ActiveCfg = Debug|Any CPU
		{B03869B5-F6C3-4D58-8307-DB0F4A50EA69}.Debug|Any CPU.Build.0 = Debug|Any CPU
		{B03869B5-F6C3-4D58-8307-DB0F4A50EA69}.Release|Any CPU.ActiveCfg = Release|Any CPU
		{B03869B5-F6C3-4D58-8307-DB0F4A50EA69}.Release|Any CPU.Build.0 = Release|Any CPU
		{BE3415E4-C55A-4924-8BDB-EC9F5D0FFFF1}.Debug|Any CPU.ActiveCfg = Debug|Any CPU
		{BE3415E4-C55A-4924-8BDB-EC9F5D0FFFF1}.Debug|Any CPU.Build.0 = Debug|Any CPU
		{BE3415E4-C55A-4924-8BDB-EC9F5D0FFFF1}.Release|Any CPU.ActiveCfg = Release|Any CPU
		{BE3415E4-C55A-4924-8BDB-EC9F5D0FFFF1}.Release|Any CPU.Build.0 = Release|Any CPU
	EndGlobalSection
	GlobalSection(SolutionProperties) = preSolution
		HideSolutionNode = FALSE
	EndGlobalSection
	GlobalSection(ExtensibilityGlobals) = postSolution
		SolutionGuid = {9C2FA904-16F6-4831-90AD-25825BFF9384}
	EndGlobalSection
EndGlobal
